
Microsoft Visual Studio Solution File, Format Version 12.00
# Visual Studio Version 16
VisualStudioVersion = 16.0.32413.511
MinimumVisualStudioVersion = 10.0.40219.1
Project("{FAE04EC0-301F-11D3-BF4B-00C04F79EFBC}") = "WpfApp1", "WpfApp1.csproj", "{06801DD7-D599-4FF3-B359-BEA33DB69DBD}"
EndProject
Global
	GlobalSection(SolutionConfigurationPlatforms) = preSolution
		Debug|Any CPU = Debug|Any CPU
		Release|Any CPU = Release|Any CPU
	EndGlobalSection
	GlobalSection(ProjectConfigurationPlatforms) = postSolution
		{06801DD7-D599-4FF3-B359-BEA33DB69DBD}.Debug|Any CPU.ActiveCfg = Debug|Any CPU
		{06801DD7-D599-4FF3-B359-BEA33DB69DBD}.Debug|Any CPU.Build.0 = Debug|Any CPU
		{06801DD7-D599-4FF3-B359-BEA33DB69DBD}.Release|Any CPU.ActiveCfg = Release|Any CPU
		{06801DD7-D599-4FF3-B359-BEA33DB69DBD}.Release|Any CPU.Build.0 = Release|Any CPU
	EndGlobalSection
	GlobalSection(SolutionProperties) = preSolution
		HideSolutionNode = FALSE
	EndGlobalSection
	GlobalSection(ExtensibilityGlobals) = postSolution
		SolutionGuid = {23DD0911-2969-4197-BB5E-6C7D503998A9}
	EndGlobalSection
EndGlobal
